
Microsoft Visual Studio Solution File, Format Version 12.00
# Visual Studio Version 17
VisualStudioVersion = 17.4.33213.308
MinimumVisualStudioVersion = 10.0.40219.1
Project("{FAE04EC0-301F-11D3-BF4B-00C04F79EFBC}") = "DST1203", "DST1203\DST1203.csproj", "{F182C09C-8656-4FB5-8FEB-B2774D5F7340}"
EndProject
Global
	GlobalSection(SolutionConfigurationPlatforms) = preSolution
		Debug|Any CPU = Debug|Any CPU
		Release|Any CPU = Release|Any CPU
	EndGlobalSection
	GlobalSection(ProjectConfigurationPlatforms) = postSolution
		{F182C09C-8656-4FB5-8FEB-B2774D5F7340}.Debug|Any CPU.ActiveCfg = Debug|Any CPU
		{F182C09C-8656-4FB5-8FEB-B2774D5F7340}.Debug|Any CPU.Build.0 = Debug|Any CPU
		{F182C09C-8656-4FB5-8FEB-B2774D5F7340}.Release|Any CPU.ActiveCfg = Release|Any CPU
		{F182C09C-8656-4FB5-8FEB-B2774D5F7340}.Release|Any CPU.Build.0 = Release|Any CPU
	EndGlobalSection
	GlobalSection(SolutionProperties) = preSolution
		HideSolutionNode = FALSE
	EndGlobalSection
	GlobalSection(ExtensibilityGlobals) = postSolution
		SolutionGuid = {231F4B79-BEE7-4C38-9952-6C17D298EA27}
	EndGlobalSection
EndGlobal
