
Microsoft Visual Studio Solution File, Format Version 12.00
# Visual Studio Version 17
VisualStudioVersion = 17.4.33213.308
MinimumVisualStudioVersion = 10.0.40219.1
Project("{FAE04EC0-301F-11D3-BF4B-00C04F79EFBC}") = "DST12", "DST12\DST12.csproj", "{DE7BF78C-F422-4DA6-B453-CE4CAE8F1F0C}"
EndProject
Global
	GlobalSection(SolutionConfigurationPlatforms) = preSolution
		Debug|Any CPU = Debug|Any CPU
		Release|Any CPU = Release|Any CPU
	EndGlobalSection
	GlobalSection(ProjectConfigurationPlatforms) = postSolution
		{DE7BF78C-F422-4DA6-B453-CE4CAE8F1F0C}.Debug|Any CPU.ActiveCfg = Debug|Any CPU
		{DE7BF78C-F422-4DA6-B453-CE4CAE8F1F0C}.Debug|Any CPU.Build.0 = Debug|Any CPU
		{DE7BF78C-F422-4DA6-B453-CE4CAE8F1F0C}.Release|Any CPU.ActiveCfg = Release|Any CPU
		{DE7BF78C-F422-4DA6-B453-CE4CAE8F1F0C}.Release|Any CPU.Build.0 = Release|Any CPU
	EndGlobalSection
	GlobalSection(SolutionProperties) = preSolution
		HideSolutionNode = FALSE
	EndGlobalSection
	GlobalSection(ExtensibilityGlobals) = postSolution
		SolutionGuid = {923647B7-A110-42FA-8599-490A785FE352}
	EndGlobalSection
EndGlobal
