
Microsoft Visual Studio Solution File, Format Version 12.00
# Visual Studio Version 17
VisualStudioVersion = 17.4.33213.308
MinimumVisualStudioVersion = 10.0.40219.1
Project("{FAE04EC0-301F-11D3-BF4B-00C04F79EFBC}") = "DST05", "DST05\DST05.csproj", "{715B32BA-BA1F-4999-B17A-471DB599AB69}"
EndProject
Global
	GlobalSection(SolutionConfigurationPlatforms) = preSolution
		Debug|Any CPU = Debug|Any CPU
		Release|Any CPU = Release|Any CPU
	EndGlobalSection
	GlobalSection(ProjectConfigurationPlatforms) = postSolution
		{715B32BA-BA1F-4999-B17A-471DB599AB69}.Debug|Any CPU.ActiveCfg = Debug|Any CPU
		{715B32BA-BA1F-4999-B17A-471DB599AB69}.Debug|Any CPU.Build.0 = Debug|Any CPU
		{715B32BA-BA1F-4999-B17A-471DB599AB69}.Release|Any CPU.ActiveCfg = Release|Any CPU
		{715B32BA-BA1F-4999-B17A-471DB599AB69}.Release|Any CPU.Build.0 = Release|Any CPU
	EndGlobalSection
	GlobalSection(SolutionProperties) = preSolution
		HideSolutionNode = FALSE
	EndGlobalSection
	GlobalSection(ExtensibilityGlobals) = postSolution
		SolutionGuid = {79636635-F34C-45C3-8C72-78AFBDC905EE}
	EndGlobalSection
EndGlobal
