
Microsoft Visual Studio Solution File, Format Version 12.00
# Visual Studio Version 17
VisualStudioVersion = 17.4.33213.308
MinimumVisualStudioVersion = 10.0.40219.1
Project("{FAE04EC0-301F-11D3-BF4B-00C04F79EFBC}") = "DST07", "DST07\DST07.csproj", "{7D61A112-2976-4FDE-A507-9513B3709BDE}"
EndProject
Global
	GlobalSection(SolutionConfigurationPlatforms) = preSolution
		Debug|Any CPU = Debug|Any CPU
		Release|Any CPU = Release|Any CPU
	EndGlobalSection
	GlobalSection(ProjectConfigurationPlatforms) = postSolution
		{7D61A112-2976-4FDE-A507-9513B3709BDE}.Debug|Any CPU.ActiveCfg = Debug|Any CPU
		{7D61A112-2976-4FDE-A507-9513B3709BDE}.Debug|Any CPU.Build.0 = Debug|Any CPU
		{7D61A112-2976-4FDE-A507-9513B3709BDE}.Release|Any CPU.ActiveCfg = Release|Any CPU
		{7D61A112-2976-4FDE-A507-9513B3709BDE}.Release|Any CPU.Build.0 = Release|Any CPU
	EndGlobalSection
	GlobalSection(SolutionProperties) = preSolution
		HideSolutionNode = FALSE
	EndGlobalSection
	GlobalSection(ExtensibilityGlobals) = postSolution
		SolutionGuid = {02E093CC-281A-414D-A55A-3566275B3E3A}
	EndGlobalSection
EndGlobal
