
Microsoft Visual Studio Solution File, Format Version 12.00
# Visual Studio Version 17
VisualStudioVersion = 17.4.33213.308
MinimumVisualStudioVersion = 10.0.40219.1
Project("{FAE04EC0-301F-11D3-BF4B-00C04F79EFBC}") = "Problem02", "Problem02\Problem02.csproj", "{008DB1BF-81AB-4297-B0FA-1CFC3AC3FA83}"
EndProject
Global
	GlobalSection(SolutionConfigurationPlatforms) = preSolution
		Debug|Any CPU = Debug|Any CPU
		Release|Any CPU = Release|Any CPU
	EndGlobalSection
	GlobalSection(ProjectConfigurationPlatforms) = postSolution
		{008DB1BF-81AB-4297-B0FA-1CFC3AC3FA83}.Debug|Any CPU.ActiveCfg = Debug|Any CPU
		{008DB1BF-81AB-4297-B0FA-1CFC3AC3FA83}.Debug|Any CPU.Build.0 = Debug|Any CPU
		{008DB1BF-81AB-4297-B0FA-1CFC3AC3FA83}.Release|Any CPU.ActiveCfg = Release|Any CPU
		{008DB1BF-81AB-4297-B0FA-1CFC3AC3FA83}.Release|Any CPU.Build.0 = Release|Any CPU
	EndGlobalSection
	GlobalSection(SolutionProperties) = preSolution
		HideSolutionNode = FALSE
	EndGlobalSection
	GlobalSection(ExtensibilityGlobals) = postSolution
		SolutionGuid = {1080053D-D274-4B47-9D55-E9498CA56273}
	EndGlobalSection
EndGlobal
