
Microsoft Visual Studio Solution File, Format Version 12.00
# Visual Studio Version 17
VisualStudioVersion = 17.4.33213.308
MinimumVisualStudioVersion = 10.0.40219.1
Project("{FAE04EC0-301F-11D3-BF4B-00C04F79EFBC}") = "DST14", "DST14\DST14.csproj", "{F5D44041-84AA-4862-B0C6-B8F1FED9006E}"
EndProject
Global
	GlobalSection(SolutionConfigurationPlatforms) = preSolution
		Debug|Any CPU = Debug|Any CPU
		Release|Any CPU = Release|Any CPU
	EndGlobalSection
	GlobalSection(ProjectConfigurationPlatforms) = postSolution
		{F5D44041-84AA-4862-B0C6-B8F1FED9006E}.Debug|Any CPU.ActiveCfg = Debug|Any CPU
		{F5D44041-84AA-4862-B0C6-B8F1FED9006E}.Debug|Any CPU.Build.0 = Debug|Any CPU
		{F5D44041-84AA-4862-B0C6-B8F1FED9006E}.Release|Any CPU.ActiveCfg = Release|Any CPU
		{F5D44041-84AA-4862-B0C6-B8F1FED9006E}.Release|Any CPU.Build.0 = Release|Any CPU
	EndGlobalSection
	GlobalSection(SolutionProperties) = preSolution
		HideSolutionNode = FALSE
	EndGlobalSection
	GlobalSection(ExtensibilityGlobals) = postSolution
		SolutionGuid = {9850DF82-FE30-4CDA-8DAA-2546D490FD4B}
	EndGlobalSection
EndGlobal
