
Microsoft Visual Studio Solution File, Format Version 12.00
# Visual Studio Version 17
VisualStudioVersion = 17.4.33213.308
MinimumVisualStudioVersion = 10.0.40219.1
Project("{FAE04EC0-301F-11D3-BF4B-00C04F79EFBC}") = "Problem05", "Problem05\Problem05.csproj", "{A8427CE5-D4BA-41FE-93B0-40FF7FBFBD34}"
EndProject
Global
	GlobalSection(SolutionConfigurationPlatforms) = preSolution
		Debug|Any CPU = Debug|Any CPU
		Release|Any CPU = Release|Any CPU
	EndGlobalSection
	GlobalSection(ProjectConfigurationPlatforms) = postSolution
		{A8427CE5-D4BA-41FE-93B0-40FF7FBFBD34}.Debug|Any CPU.ActiveCfg = Debug|Any CPU
		{A8427CE5-D4BA-41FE-93B0-40FF7FBFBD34}.Debug|Any CPU.Build.0 = Debug|Any CPU
		{A8427CE5-D4BA-41FE-93B0-40FF7FBFBD34}.Release|Any CPU.ActiveCfg = Release|Any CPU
		{A8427CE5-D4BA-41FE-93B0-40FF7FBFBD34}.Release|Any CPU.Build.0 = Release|Any CPU
	EndGlobalSection
	GlobalSection(SolutionProperties) = preSolution
		HideSolutionNode = FALSE
	EndGlobalSection
	GlobalSection(ExtensibilityGlobals) = postSolution
		SolutionGuid = {B91A0884-3BF8-4AC0-8984-3ABE41B3FAAD}
	EndGlobalSection
EndGlobal
