
Microsoft Visual Studio Solution File, Format Version 12.00
# Visual Studio Version 17
VisualStudioVersion = 17.4.33213.308
MinimumVisualStudioVersion = 10.0.40219.1
Project("{FAE04EC0-301F-11D3-BF4B-00C04F79EFBC}") = "DST0702", "DST0702\DST0702.csproj", "{4681390B-9B49-4F59-9D5F-636C514C0E24}"
EndProject
Global
	GlobalSection(SolutionConfigurationPlatforms) = preSolution
		Debug|Any CPU = Debug|Any CPU
		Release|Any CPU = Release|Any CPU
	EndGlobalSection
	GlobalSection(ProjectConfigurationPlatforms) = postSolution
		{4681390B-9B49-4F59-9D5F-636C514C0E24}.Debug|Any CPU.ActiveCfg = Debug|Any CPU
		{4681390B-9B49-4F59-9D5F-636C514C0E24}.Debug|Any CPU.Build.0 = Debug|Any CPU
		{4681390B-9B49-4F59-9D5F-636C514C0E24}.Release|Any CPU.ActiveCfg = Release|Any CPU
		{4681390B-9B49-4F59-9D5F-636C514C0E24}.Release|Any CPU.Build.0 = Release|Any CPU
	EndGlobalSection
	GlobalSection(SolutionProperties) = preSolution
		HideSolutionNode = FALSE
	EndGlobalSection
	GlobalSection(ExtensibilityGlobals) = postSolution
		SolutionGuid = {B754CC88-7E41-4913-A7D2-513F7A17CCD9}
	EndGlobalSection
EndGlobal
