
Microsoft Visual Studio Solution File, Format Version 12.00
# Visual Studio Version 17
VisualStudioVersion = 17.4.33213.308
MinimumVisualStudioVersion = 10.0.40219.1
Project("{FAE04EC0-301F-11D3-BF4B-00C04F79EFBC}") = "DST13", "DST13\DST13.csproj", "{6715949E-4D48-4BD4-999D-20679957AA6C}"
EndProject
Global
	GlobalSection(SolutionConfigurationPlatforms) = preSolution
		Debug|Any CPU = Debug|Any CPU
		Release|Any CPU = Release|Any CPU
	EndGlobalSection
	GlobalSection(ProjectConfigurationPlatforms) = postSolution
		{6715949E-4D48-4BD4-999D-20679957AA6C}.Debug|Any CPU.ActiveCfg = Debug|Any CPU
		{6715949E-4D48-4BD4-999D-20679957AA6C}.Debug|Any CPU.Build.0 = Debug|Any CPU
		{6715949E-4D48-4BD4-999D-20679957AA6C}.Release|Any CPU.ActiveCfg = Release|Any CPU
		{6715949E-4D48-4BD4-999D-20679957AA6C}.Release|Any CPU.Build.0 = Release|Any CPU
	EndGlobalSection
	GlobalSection(SolutionProperties) = preSolution
		HideSolutionNode = FALSE
	EndGlobalSection
	GlobalSection(ExtensibilityGlobals) = postSolution
		SolutionGuid = {B38E566E-7C60-4F8C-9B3A-46C02D995448}
	EndGlobalSection
EndGlobal
